
Microsoft Visual Studio Solution File, Format Version 12.00
# Visual Studio Version 16
VisualStudioVersion = 16.0.30204.135
MinimumVisualStudioVersion = 10.0.40219.1
Project("{9A19103F-16F7-4668-BE54-9A1E7A4F7556}") = "BulkyBook", "BulkyBook.csproj", "{F1B50D88-155C-49E5-BDC0-D5A070D6FC50}"
EndProject
Project("{FAE04EC0-301F-11D3-BF4B-00C04F79EFBC}") = "BulkyBook.DataAccess", "..\BulkyBook.DataAccess\BulkyBook.DataAccess.csproj", "{877DC49A-2F18-4717-ABA3-35AD323F5096}"
EndProject
Project("{FAE04EC0-301F-11D3-BF4B-00C04F79EFBC}") = "BulkyBook.Models", "..\BulkyBook.Models\BulkyBook.Models.csproj", "{E2B77FF9-9798-4AC3-8055-77C25167CB73}"
EndProject
Project("{FAE04EC0-301F-11D3-BF4B-00C04F79EFBC}") = "BulkyBook.Utility", "..\BulkyBook.Utility\BulkyBook.Utility.csproj", "{9723B076-8F2A-4E7B-B93E-04E63A4458EC}"
EndProject
Global
	GlobalSection(SolutionConfigurationPlatforms) = preSolution
		Debug|Any CPU = Debug|Any CPU
		Release|Any CPU = Release|Any CPU
	EndGlobalSection
	GlobalSection(ProjectConfigurationPlatforms) = postSolution
		{F1B50D88-155C-49E5-BDC0-D5A070D6FC50}.Debug|Any CPU.ActiveCfg = Debug|Any CPU
		{F1B50D88-155C-49E5-BDC0-D5A070D6FC50}.Debug|Any CPU.Build.0 = Debug|Any CPU
		{F1B50D88-155C-49E5-BDC0-D5A070D6FC50}.Release|Any CPU.ActiveCfg = Release|Any CPU
		{F1B50D88-155C-49E5-BDC0-D5A070D6FC50}.Release|Any CPU.Build.0 = Release|Any CPU
		{877DC49A-2F18-4717-ABA3-35AD323F5096}.Debug|Any CPU.ActiveCfg = Debug|Any CPU
		{877DC49A-2F18-4717-ABA3-35AD323F5096}.Debug|Any CPU.Build.0 = Debug|Any CPU
		{877DC49A-2F18-4717-ABA3-35AD323F5096}.Release|Any CPU.ActiveCfg = Release|Any CPU
		{877DC49A-2F18-4717-ABA3-35AD323F5096}.Release|Any CPU.Build.0 = Release|Any CPU
		{E2B77FF9-9798-4AC3-8055-77C25167CB73}.Debug|Any CPU.ActiveCfg = Debug|Any CPU
		{E2B77FF9-9798-4AC3-8055-77C25167CB73}.Debug|Any CPU.Build.0 = Debug|Any CPU
		{E2B77FF9-9798-4AC3-8055-77C25167CB73}.Release|Any CPU.ActiveCfg = Release|Any CPU
		{E2B77FF9-9798-4AC3-8055-77C25167CB73}.Release|Any CPU.Build.0 = Release|Any CPU
		{9723B076-8F2A-4E7B-B93E-04E63A4458EC}.Debug|Any CPU.ActiveCfg = Debug|Any CPU
		{9723B076-8F2A-4E7B-B93E-04E63A4458EC}.Debug|Any CPU.Build.0 = Debug|Any CPU
		{9723B076-8F2A-4E7B-B93E-04E63A4458EC}.Release|Any CPU.ActiveCfg = Release|Any CPU
		{9723B076-8F2A-4E7B-B93E-04E63A4458EC}.Release|Any CPU.Build.0 = Release|Any CPU
	EndGlobalSection
	GlobalSection(SolutionProperties) = preSolution
		HideSolutionNode = FALSE
	EndGlobalSection
	GlobalSection(ExtensibilityGlobals) = postSolution
		SolutionGuid = {370652B0-DE98-4400-8D99-CCB47759142E}
	EndGlobalSection
EndGlobal
